# Copyright (c) 2024 Kejun Zhou <zhoukejun@outlook.com>
# SPDX-License-Identifier: Apache-2.0

description: SOPHGO SG200X SoC clock generator IP node

compatible: "sophgo,sg200x-clock"

include: [clock-controller.yaml, base.yaml]

properties:
  reg:
    required: true

  "#clock-cells":
    const: 1

clock-cells:
  - name
